
Microsoft Visual Studio Solution File, Format Version 12.00
# Visual Studio Version 16
VisualStudioVersion = 16.0.29613.14
MinimumVisualStudioVersion = 10.0.40219.1
Project("{FAE04EC0-301F-11D3-BF4B-00C04F79EFBC}") = "UrunYonetimi", "UrunYonetimi\UrunYonetimi.csproj", "{557CA7E9-3A0E-47E0-9616-12706C403781}"
EndProject
Global
	GlobalSection(SolutionConfigurationPlatforms) = preSolution
		Debug|Any CPU = Debug|Any CPU
		Release|Any CPU = Release|Any CPU
	EndGlobalSection
	GlobalSection(ProjectConfigurationPlatforms) = postSolution
		{557CA7E9-3A0E-47E0-9616-12706C403781}.Debug|Any CPU.ActiveCfg = Debug|Any CPU
		{557CA7E9-3A0E-47E0-9616-12706C403781}.Debug|Any CPU.Build.0 = Debug|Any CPU
		{557CA7E9-3A0E-47E0-9616-12706C403781}.Release|Any CPU.ActiveCfg = Release|Any CPU
		{557CA7E9-3A0E-47E0-9616-12706C403781}.Release|Any CPU.Build.0 = Release|Any CPU
	EndGlobalSection
	GlobalSection(SolutionProperties) = preSolution
		HideSolutionNode = FALSE
	EndGlobalSection
	GlobalSection(ExtensibilityGlobals) = postSolution
		SolutionGuid = {F16DA805-856A-44CF-A6CE-DB67E9C345FC}
	EndGlobalSection
EndGlobal
